// !$*UTF8*$!
{
	archiveVersion = 1;
	classes = {
	};
	objectVersion = 46;
	objects = {

/* Begin PBXBuildFile section */
		1D43FCE11F2897CA00607C41 /* AppDelegate.swift in Sources */ = {isa = PBXBuildFile; fileRef = 1D43FCE01F2897CA00607C41 /* AppDelegate.swift */; };
		1D43FCE31F2897CA00607C41 /* ViewController.swift in Sources */ = {isa = PBXBuildFile; fileRef = 1D43FCE21F2897CA00607C41 /* ViewController.swift */; };
		1D43FCE61F2897CA00607C41 /* Main.storyboard in Resources */ = {isa = PBXBuildFile; fileRef = 1D43FCE41F2897CA00607C41 /* Main.storyboard */; };
		1D43FCE81F2897CA00607C41 /* Assets.xcassets in Resources */ = {isa = PBXBuildFile; fileRef = 1D43FCE71F2897CA00607C41 /* Assets.xcassets */; };
		1D43FCEB1F2897CA00607C41 /* LaunchScreen.storyboard in Resources */ = {isa = PBXBuildFile; fileRef = 1D43FCE91F2897CA00607C41 /* LaunchScreen.storyboard */; };
		1D4A03EA1F28B97C00E7127D /* README.md in Sources */ = {isa = PBXBuildFile; fileRef = 1D4A03E91F28B97C00E7127D /* README.md */; };
		1D4A03ED1F28BBDD00E7127D /* Destiny.PNG in Resources */ = {isa = PBXBuildFile; fileRef = 1D4A03EC1F28BBDD00E7127D /* Destiny.PNG */; };
/* End PBXBuildFile section */

/* Begin PBXFileReference section */
		1D43FCDD1F2897CA00607C41 /* WhereDine.app */ = {isa = PBXFileReference; explicitFileType = wrapper.application; includeInIndex = 0; path = WhereDine.app; sourceTree = BUILT_PRODUCTS_DIR; };
		1D43FCE01F2897CA00607C41 /* AppDelegate.swift */ = {isa = PBXFileReference; lastKnownFileType = sourcecode.swift; path = AppDelegate.swift; sourceTree = "<group>"; };
		1D43FCE21F2897CA00607C41 /* ViewController.swift */ = {isa = PBXFileReference; lastKnownFileType = sourcecode.swift; path = ViewController.swift; sourceTree = "<group>"; };
		1D43FCE51F2897CA00607C41 /* Base */ = {isa = PBXFileReference; lastKnownFileType = file.storyboard; name = Base; path = Base.lproj/Main.storyboard; sourceTree = "<group>"; };
		1D43FCE71F2897CA00607C41 /* Assets.xcassets */ = {isa = PBXFileReference; lastKnownFileType = folder.assetcatalog; path = Assets.xcassets; sourceTree = "<group>"; };
		1D43FCEA1F2897CA00607C41 /* Base */ = {isa = PBXFileReference; lastKnownFileType = file.storyboard; name = Base; path = Base.lproj/LaunchScreen.storyboard; sourceTree = "<group>"; };
		1D43FCEC1F2897CA00607C41 /* Info.plist */ = {isa = PBXFileReference; lastKnownFileType = text.plist.xml; path = Info.plist; sourceTree = "<group>"; };
		1D4A03E91F28B97C00E7127D /* README.md */ = {isa = PBXFileReference; fileEncoding = 4; lastKnownFileType = net.daringfireball.markdown; path = README.md; sourceTree = "<group>"; };
		1D4A03EC1F28BBDD00E7127D /* Destiny.PNG */ = {isa = PBXFileReference; lastKnownFileType = image.png; path = Destiny.PNG; sourceTree = "<group>"; };
/* End PBXFileReference section */

/* Begin PBXFrameworksBuildPhase section */
		1D43FCDA1F2897CA00607C41 /* Frameworks */ = {
			isa = PBXFrameworksBuildPhase;
			buildActionMask = 2147483647;
			files = (
			);
			runOnlyForDeploymentPostprocessing = 0;
		};
/* End PBXFrameworksBuildPhase section */

/* Begin PBXGroup section */
		1D43FCD41F2897CA00607C41 = {
			isa = PBXGroup;
			children = (
				1D4A03E91F28B97C00E7127D /* README.md */,
				1D4A03EB1F28BBBA00E7127D /* Docs */,
				1D43FCDF1F2897CA00607C41 /* WhereDine */,
				1D43FCDE1F2897CA00607C41 /* Products */,
			);
			sourceTree = "<group>";
		};
		1D43FCDE1F2897CA00607C41 /* Products */ = {
			isa = PBXGroup;
			children = (
				1D43FCDD1F2897CA00607C41 /* WhereDine.app */,
			);
			name = Products;
			sourceTree = "<group>";
		};
		1D43FCDF1F2897CA00607C41 /* WhereDine */ = {
			isa = PBXGroup;
			children = (
				1D43FCE01F2897CA00607C41 /* AppDelegate.swift */,
				1D43FCE21F2897CA00607C41 /* ViewController.swift */,
				1D43FCE41F2897CA00607C41 /* Main.storyboard */,
				1D43FCE71F2897CA00607C41 /* Assets.xcassets */,
				1D43FCE91F2897CA00607C41 /* LaunchScreen.storyboard */,
				1D43FCEC1F2897CA00607C41 /* Info.plist */,
			);
			path = WhereDine;
			sourceTree = "<group>";
		};
		1D4A03EB1F28BBBA00E7127D /* Docs */ = {
			isa = PBXGroup;
			children = (
				1D4A03EC1F28BBDD00E7127D /* Destiny.PNG */,
			);
			path = Docs;
			sourceTree = "<group>";
		};
/* End PBXGroup section */

/* Begin PBXNativeTarget section */
		1D43FCDC1F2897CA00607C41 /* WhereDine */ = {
			isa = PBXNativeTarget;
			buildConfigurationList = 1D43FCEF1F2897CA00607C41 /* Build configuration list for PBXNativeTarget "WhereDine" */;
			buildPhases = (
				1D43FCD91F2897CA00607C41 /* Sources */,
				1D43FCDA1F2897CA00607C41 /* Frameworks */,
				1D43FCDB1F2897CA00607C41 /* Resources */,
			);
			buildRules = (
			);
			dependencies = (
			);
			name = WhereDine;
			productName = WhereDine;
			productReference = 1D43FCDD1F2897CA00607C41 /* WhereDine.app */;
			productType = "com.apple.product-type.application";
		};
/* End PBXNativeTarget section */

/* Begin PBXProject section */
		1D43FCD51F2897CA00607C41 /* Project object */ = {
			isa = PBXProject;
			attributes = {
				LastSwiftUpdateCheck = 0830;
				LastUpgradeCheck = 0830;
				ORGANIZATIONNAME = jayasme;
				TargetAttributes = {
					1D43FCDC1F2897CA00607C41 = {
						CreatedOnToolsVersion = 8.3.3;
						DevelopmentTeam = 5FXTNC5WLB;
						ProvisioningStyle = Automatic;
					};
				};
			};
			buildConfigurationList = 1D43FCD81F2897CA00607C41 /* Build configuration list for PBXProject "WhereDine" */;
			compatibilityVersion = "Xcode 3.2";
			developmentRegion = English;
			hasScannedForEncodings = 0;
			knownRegions = (
				en,
				Base,
			);
			mainGroup = 1D43FCD41F2897CA00607C41;
			productRefGroup = 1D43FCDE1F2897CA00607C41 /* Products */;
			projectDirPath = "";
			projectRoot = "";
			targets = (
				1D43FCDC1F2897CA00607C41 /* WhereDine */,
			);
		};
/* End PBXProject section */

/* Begin PBXResourcesBuildPhase section */
		1D43FCDB1F2897CA00607C41 /* Resources */ = {
			isa = PBXResourcesBuildPhase;
			buildActionMask = 2147483647;
			files = (
				1D43FCEB1F2897CA00607C41 /* LaunchScreen.storyboard in Resources */,
				1D43FCE81F2897CA00607C41 /* Assets.xcassets in Resources */,
				1D4A03ED1F28BBDD00E7127D /* Destiny.PNG in Resources */,
				1D43FCE61F2897CA00607C41 /* Main.storyboard in Resources */,
			);
			runOnlyForDeploymentPostprocessing = 0;
		};
/* End PBXResourcesBuildPhase section */

/* Begin PBXSourcesBuildPhase section */
		1D43FCD91F2897CA00607C41 /* Sources */ = {
			isa = PBXSourcesBuildPhase;
			buildActionMask = 2147483647;
			files = (
				1D4A03EA1F28B97C00E7127D /* README.md in Sources */,
				1D43FCE31F2897CA00607C41 /* ViewController.swift in Sources */,
				1D43FCE11F2897CA00607C41 /* AppDelegate.swift in Sources */,
			);
			runOnlyForDeploymentPostprocessing = 0;
		};
/* End PBXSourcesBuildPhase section */

/* Begin PBXVariantGroup section */
		1D43FCE41F2897CA00607C41 /* Main.storyboard */ = {
			isa = PBXVariantGroup;
			children = (
				1D43FCE51F2897CA00607C41 /* Base */,
			);
			name = Main.storyboard;
			sourceTree = "<group>";
		};
		1D43FCE91F2897CA00607C41 /* LaunchScreen.storyboard */ = {
			isa = PBXVariantGroup;
			children = (
				1D43FCEA1F2897CA00607C41 /* Base */,
			);
			name = LaunchScreen.storyboard;
			sourceTree = "<group>";
		};
/* End PBXVariantGroup section */

/* Begin XCBuildConfiguration section */
		1D43FCED1F2897CA00607C41 /* Debug */ = {
			isa = XCBuildConfiguration;
			buildSettings = {
				ALWAYS_SEARCH_USER_PATHS = NO;
				CLANG_ANALYZER_NONNULL = YES;
				CLANG_ANALYZER_NUMBER_OBJECT_CONVERSION = YES_AGGRESSIVE;
				CLANG_CXX_LANGUAGE_STANDARD = "gnu++0x";
				CLANG_CXX_LIBRARY = "libc++";
				CLANG_ENABLE_MODULES = YES;
				CLANG_ENABLE_OBJC_ARC = YES;
				CLANG_WARN_BOOL_CONVERSION = YES;
				CLANG_WARN_CONSTANT_CONVERSION = YES;
				CLANG_WARN_DIRECT_OBJC_ISA_USAGE = YES_ERROR;
				CLANG_WARN_DOCUMENTATION_COMMENTS = YES;
				CLANG_WARN_EMPTY_BODY = YES;
				CLANG_WARN_ENUM_CONVERSION = YES;
				CLANG_WARN_INFINITE_RECURSION = YES;
				CLANG_WARN_INT_CONVERSION = YES;
				CLANG_WARN_OBJC_ROOT_CLASS = YES_ERROR;
				CLANG_WARN_SUSPICIOUS_MOVE = YES;
				CLANG_WARN_UNREACHABLE_CODE = YES;
				CLANG_WARN__DUPLICATE_METHOD_MATCH = YES;
				"CODE_SIGN_IDENTITY[sdk=iphoneos*]" = "iPhone Developer";
				COPY_PHASE_STRIP = NO;
				DEBUG_INFORMATION_FORMAT = dwarf;
				ENABLE_STRICT_OBJC_MSGSEND = YES;
				ENABLE_TESTABILITY = YES;
				GCC_C_LANGUAGE_STANDARD = gnu99;
				GCC_DYNAMIC_NO_PIC = NO;
				GCC_NO_COMMON_BLOCKS = YES;
				GCC_OPTIMIZATION_LEVEL = 0;
				GCC_PREPROCESSOR_DEFINITIONS = (
					"DEBUG=1",
					"$(inherited)",
				);
				GCC_WARN_64_TO_32_BIT_CONVERSION = YES;
				GCC_WARN_ABOUT_RETURN_TYPE = YES_ERROR;
				GCC_WARN_UNDECLARED_SELECTOR = YES;
				GCC_WARN_UNINITIALIZED_AUTOS = YES_AGGRESSIVE;
				GCC_WARN_UNUSED_FUNCTION = YES;
				GCC_WARN_UNUSED_VARIABLE = YES;
				IPHONEOS_DEPLOYMENT_TARGET = 10.3;
				MTL_ENABLE_DEBUG_INFO = YES;
				ONLY_ACTIVE_ARCH = YES;
				SDKROOT = iphoneos;
				SWIFT_ACTIVE_COMPILATION_CONDITIONS = DEBUG;
				SWIFT_OPTIMIZATION_LEVEL = "-Onone";
				TARGETED_DEVICE_FAMILY = "1,2";
			};
			name = Debug;
		};
		1D43FCEE1F2897CA00607C41 /* Release */ = {
			isa = XCBuildConfiguration;
			buildSettings = {
				ALWAYS_SEARCH_USER_PATHS = NO;
				CLANG_ANALYZER_NONNULL = YES;
				CLANG_ANALYZER_NUMBER_OBJECT_CONVERSION = YES_AGGRESSIVE;
				CLANG_CXX_LANGUAGE_STANDARD = "gnu++0x";
				CLANG_CXX_LIBRARY = "libc++";
				CLANG_ENABLE_MODULES = YES;
				CLANG_ENABLE_OBJC_ARC = YES;
				CLANG_WARN_BOOL_CONVERSION = YES;
				CLANG_WARN_CONSTANT_CONVERSION = YES;
				CLANG_WARN_DIRECT_OBJC_ISA_USAGE = YES_ERROR;
				CLANG_WARN_DOCUMENTATION_COMMENTS = YES;
				CLANG_WARN_EMPTY_BODY = YES;
				CLANG_WARN_ENUM_CONVERSION = YES;
				CLANG_WARN_INFINITE_RECURSION = YES;
				CLANG_WARN_INT_CONVERSION = YES;
				CLANG_WARN_OBJC_ROOT_CLASS = YES_ERROR;
				CLANG_WARN_SUSPICIOUS_MOVE = YES;
				CLANG_WARN_UNREACHABLE_CODE = YES;
				CLANG_WARN__DUPLICATE_METHOD_MATCH = YES;
				"CODE_SIGN_IDENTITY[sdk=iphoneos*]" = "iPhone Developer";
				COPY_PHASE_STRIP = NO;
				DEBUG_INFORMATION_FORMAT = "dwarf-with-dsym";
				ENABLE_NS_ASSERTIONS = NO;
				ENABLE_STRICT_OBJC_MSGSEND = YES;
				GCC_C_LANGUAGE_STANDARD = gnu99;
				GCC_NO_COMMON_BLOCKS = YES;
				GCC_WARN_64_TO_32_BIT_CONVERSION = YES;
				GCC_WARN_ABOUT_RETURN_TYPE = YES_ERROR;
				GCC_WARN_UNDECLARED_SELECTOR = YES;
				GCC_WARN_UNINITIALIZED_AUTOS = YES_AGGRESSIVE;
				GCC_WARN_UNUSED_FUNCTION = YES;
				GCC_WARN_UNUSED_VARIABLE = YES;
				IPHONEOS_DEPLOYMENT_TARGET = 10.3;
				MTL_ENABLE_DEBUG_INFO = NO;
				SDKROOT = iphoneos;
				SWIFT_OPTIMIZATION_LEVEL = "-Owholemodule";
				TARGETED_DEVICE_FAMILY = "1,2";
				VALIDATE_PRODUCT = YES;
			};
			name = Release;
		};
		1D43FCF01F2897CA00607C41 /* Debug */ = {
			isa = XCBuildConfiguration;
			buildSettings = {
				ASSETCATALOG_COMPILER_APPICON_NAME = AppIcon;
				DEVELOPMENT_TEAM = 5FXTNC5WLB;
				INFOPLIST_FILE = WhereDine/Info.plist;
				LD_RUNPATH_SEARCH_PATHS = "$(inherited) @executable_path/Frameworks";
				PRODUCT_BUNDLE_IDENTIFIER = com.jayasme.WhereDine;
				PRODUCT_NAME = "$(TARGET_NAME)";
				SWIFT_VERSION = 3.0;
			};
			name = Debug;
		};
		1D43FCF11F2897CA00607C41 /* Release */ = {
			isa = XCBuildConfiguration;
			buildSettings = {
				ASSETCATALOG_COMPILER_APPICON_NAME = AppIcon;
				DEVELOPMENT_TEAM = 5FXTNC5WLB;
				INFOPLIST_FILE = WhereDine/Info.plist;
				LD_RUNPATH_SEARCH_PATHS = "$(inherited) @executable_path/Frameworks";
				PRODUCT_BUNDLE_IDENTIFIER = com.jayasme.WhereDine;
				PRODUCT_NAME = "$(TARGET_NAME)";
				SWIFT_VERSION = 3.0;
			};
			name = Release;
		};
/* End XCBuildConfiguration section */

/* Begin XCConfigurationList section */
		1D43FCD81F2897CA00607C41 /* Build configuration list for PBXProject "WhereDine" */ = {
			isa = XCConfigurationList;
			buildConfigurations = (
				1D43FCED1F2897CA00607C41 /* Debug */,
				1D43FCEE1F2897CA00607C41 /* Release */,
			);
			defaultConfigurationIsVisible = 0;
			defaultConfigurationName = Release;
		};
		1D43FCEF1F2897CA00607C41 /* Build configuration list for PBXNativeTarget "WhereDine" */ = {
			isa = XCConfigurationList;
			buildConfigurations = (
				1D43FCF01F2897CA00607C41 /* Debug */,
				1D43FCF11F2897CA00607C41 /* Release */,
			);
			defaultConfigurationIsVisible = 0;
			defaultConfigurationName = Release;
		};
/* End XCConfigurationList section */
	};
	rootObject = 1D43FCD51F2897CA00607C41 /* Project object */;
}
